{
  "lockfileVersion": 1,
  "workspaces": {
    "": {
      "name": "vicinae-gnome-extension",
      "devDependencies": {
        "@biomejs/biome": "^2.2.2",
        "@girs/gjs": "^4.0.0-beta.25",
        "@girs/gnome-shell": "^48.0.2",
        "esbuild": "^0.25.9",
        "esbuild-plugin-tsc": "^0.5.0",
        "typescript": "^5.9.2",
      },
    },
  },
  "packages": {
    "@biomejs/biome": ["@biomejs/biome@2.2.2", "", { "optionalDependencies": { "@biomejs/cli-darwin-arm64": "2.2.2", "@biomejs/cli-darwin-x64": "2.2.2", "@biomejs/cli-linux-arm64": "2.2.2", "@biomejs/cli-linux-arm64-musl": "2.2.2", "@biomejs/cli-linux-x64": "2.2.2", "@biomejs/cli-linux-x64-musl": "2.2.2", "@biomejs/cli-win32-arm64": "2.2.2", "@biomejs/cli-win32-x64": "2.2.2" }, "bin": { "biome": "bin/biome" } }, "sha512-j1omAiQWCkhuLgwpMKisNKnsM6W8Xtt1l0WZmqY/dFj8QPNkIoTvk4tSsi40FaAAkBE1PU0AFG2RWFBWenAn+w=="],

    "@biomejs/cli-darwin-arm64": ["@biomejs/cli-darwin-arm64@2.2.2", "", { "os": "darwin", "cpu": "arm64" }, "sha512-6ePfbCeCPryWu0CXlzsWNZgVz/kBEvHiPyNpmViSt6A2eoDf4kXs3YnwQPzGjy8oBgQulrHcLnJL0nkCh80mlQ=="],

    "@biomejs/cli-darwin-x64": ["@biomejs/cli-darwin-x64@2.2.2", "", { "os": "darwin", "cpu": "x64" }, "sha512-Tn4JmVO+rXsbRslml7FvKaNrlgUeJot++FkvYIhl1OkslVCofAtS35MPlBMhXgKWF9RNr9cwHanrPTUUXcYGag=="],

    "@biomejs/cli-linux-arm64": ["@biomejs/cli-linux-arm64@2.2.2", "", { "os": "linux", "cpu": "arm64" }, "sha512-JfrK3gdmWWTh2J5tq/rcWCOsImVyzUnOS2fkjhiYKCQ+v8PqM+du5cfB7G1kXas+7KQeKSWALv18iQqdtIMvzw=="],

    "@biomejs/cli-linux-arm64-musl": ["@biomejs/cli-linux-arm64-musl@2.2.2", "", { "os": "linux", "cpu": "arm64" }, "sha512-/MhYg+Bd6renn6i1ylGFL5snYUn/Ct7zoGVKhxnro3bwekiZYE8Kl39BSb0MeuqM+72sThkQv4TnNubU9njQRw=="],

    "@biomejs/cli-linux-x64": ["@biomejs/cli-linux-x64@2.2.2", "", { "os": "linux", "cpu": "x64" }, "sha512-Ogb+77edO5LEP/xbNicACOWVLt8mgC+E1wmpUakr+O4nKwLt9vXe74YNuT3T1dUBxC/SnrVmlzZFC7kQJEfquQ=="],

    "@biomejs/cli-linux-x64-musl": ["@biomejs/cli-linux-x64-musl@2.2.2", "", { "os": "linux", "cpu": "x64" }, "sha512-ZCLXcZvjZKSiRY/cFANKg+z6Fhsf9MHOzj+NrDQcM+LbqYRT97LyCLWy2AS+W2vP+i89RyRM+kbGpUzbRTYWig=="],

    "@biomejs/cli-win32-arm64": ["@biomejs/cli-win32-arm64@2.2.2", "", { "os": "win32", "cpu": "arm64" }, "sha512-wBe2wItayw1zvtXysmHJQoQqXlTzHSpQRyPpJKiNIR21HzH/CrZRDFic1C1jDdp+zAPtqhNExa0owKMbNwW9cQ=="],

    "@biomejs/cli-win32-x64": ["@biomejs/cli-win32-x64@2.2.2", "", { "os": "win32", "cpu": "x64" }, "sha512-DAuHhHekGfiGb6lCcsT4UyxQmVwQiBCBUMwVra/dcOSs9q8OhfaZgey51MlekT3p8UwRqtXQfFuEJBhJNdLZwg=="],

    "@esbuild/aix-ppc64": ["@esbuild/aix-ppc64@0.25.9", "", { "os": "aix", "cpu": "ppc64" }, "sha512-OaGtL73Jck6pBKjNIe24BnFE6agGl+6KxDtTfHhy1HmhthfKouEcOhqpSL64K4/0WCtbKFLOdzD/44cJ4k9opA=="],

    "@esbuild/android-arm": ["@esbuild/android-arm@0.25.9", "", { "os": "android", "cpu": "arm" }, "sha512-5WNI1DaMtxQ7t7B6xa572XMXpHAaI/9Hnhk8lcxF4zVN4xstUgTlvuGDorBguKEnZO70qwEcLpfifMLoxiPqHQ=="],

    "@esbuild/android-arm64": ["@esbuild/android-arm64@0.25.9", "", { "os": "android", "cpu": "arm64" }, "sha512-IDrddSmpSv51ftWslJMvl3Q2ZT98fUSL2/rlUXuVqRXHCs5EUF1/f+jbjF5+NG9UffUDMCiTyh8iec7u8RlTLg=="],

    "@esbuild/android-x64": ["@esbuild/android-x64@0.25.9", "", { "os": "android", "cpu": "x64" }, "sha512-I853iMZ1hWZdNllhVZKm34f4wErd4lMyeV7BLzEExGEIZYsOzqDWDf+y082izYUE8gtJnYHdeDpN/6tUdwvfiw=="],

    "@esbuild/darwin-arm64": ["@esbuild/darwin-arm64@0.25.9", "", { "os": "darwin", "cpu": "arm64" }, "sha512-XIpIDMAjOELi/9PB30vEbVMs3GV1v2zkkPnuyRRURbhqjyzIINwj+nbQATh4H9GxUgH1kFsEyQMxwiLFKUS6Rg=="],

    "@esbuild/darwin-x64": ["@esbuild/darwin-x64@0.25.9", "", { "os": "darwin", "cpu": "x64" }, "sha512-jhHfBzjYTA1IQu8VyrjCX4ApJDnH+ez+IYVEoJHeqJm9VhG9Dh2BYaJritkYK3vMaXrf7Ogr/0MQ8/MeIefsPQ=="],

    "@esbuild/freebsd-arm64": ["@esbuild/freebsd-arm64@0.25.9", "", { "os": "freebsd", "cpu": "arm64" }, "sha512-z93DmbnY6fX9+KdD4Ue/H6sYs+bhFQJNCPZsi4XWJoYblUqT06MQUdBCpcSfuiN72AbqeBFu5LVQTjfXDE2A6Q=="],

    "@esbuild/freebsd-x64": ["@esbuild/freebsd-x64@0.25.9", "", { "os": "freebsd", "cpu": "x64" }, "sha512-mrKX6H/vOyo5v71YfXWJxLVxgy1kyt1MQaD8wZJgJfG4gq4DpQGpgTB74e5yBeQdyMTbgxp0YtNj7NuHN0PoZg=="],

    "@esbuild/linux-arm": ["@esbuild/linux-arm@0.25.9", "", { "os": "linux", "cpu": "arm" }, "sha512-HBU2Xv78SMgaydBmdor38lg8YDnFKSARg1Q6AT0/y2ezUAKiZvc211RDFHlEZRFNRVhcMamiToo7bDx3VEOYQw=="],

    "@esbuild/linux-arm64": ["@esbuild/linux-arm64@0.25.9", "", { "os": "linux", "cpu": "arm64" }, "sha512-BlB7bIcLT3G26urh5Dmse7fiLmLXnRlopw4s8DalgZ8ef79Jj4aUcYbk90g8iCa2467HX8SAIidbL7gsqXHdRw=="],

    "@esbuild/linux-ia32": ["@esbuild/linux-ia32@0.25.9", "", { "os": "linux", "cpu": "ia32" }, "sha512-e7S3MOJPZGp2QW6AK6+Ly81rC7oOSerQ+P8L0ta4FhVi+/j/v2yZzx5CqqDaWjtPFfYz21Vi1S0auHrap3Ma3A=="],

    "@esbuild/linux-loong64": ["@esbuild/linux-loong64@0.25.9", "", { "os": "linux", "cpu": "none" }, "sha512-Sbe10Bnn0oUAB2AalYztvGcK+o6YFFA/9829PhOCUS9vkJElXGdphz0A3DbMdP8gmKkqPmPcMJmJOrI3VYB1JQ=="],

    "@esbuild/linux-mips64el": ["@esbuild/linux-mips64el@0.25.9", "", { "os": "linux", "cpu": "none" }, "sha512-YcM5br0mVyZw2jcQeLIkhWtKPeVfAerES5PvOzaDxVtIyZ2NUBZKNLjC5z3/fUlDgT6w89VsxP2qzNipOaaDyA=="],

    "@esbuild/linux-ppc64": ["@esbuild/linux-ppc64@0.25.9", "", { "os": "linux", "cpu": "ppc64" }, "sha512-++0HQvasdo20JytyDpFvQtNrEsAgNG2CY1CLMwGXfFTKGBGQT3bOeLSYE2l1fYdvML5KUuwn9Z8L1EWe2tzs1w=="],

    "@esbuild/linux-riscv64": ["@esbuild/linux-riscv64@0.25.9", "", { "os": "linux", "cpu": "none" }, "sha512-uNIBa279Y3fkjV+2cUjx36xkx7eSjb8IvnL01eXUKXez/CBHNRw5ekCGMPM0BcmqBxBcdgUWuUXmVWwm4CH9kg=="],

    "@esbuild/linux-s390x": ["@esbuild/linux-s390x@0.25.9", "", { "os": "linux", "cpu": "s390x" }, "sha512-Mfiphvp3MjC/lctb+7D287Xw1DGzqJPb/J2aHHcHxflUo+8tmN/6d4k6I2yFR7BVo5/g7x2Monq4+Yew0EHRIA=="],

    "@esbuild/linux-x64": ["@esbuild/linux-x64@0.25.9", "", { "os": "linux", "cpu": "x64" }, "sha512-iSwByxzRe48YVkmpbgoxVzn76BXjlYFXC7NvLYq+b+kDjyyk30J0JY47DIn8z1MO3K0oSl9fZoRmZPQI4Hklzg=="],

    "@esbuild/netbsd-arm64": ["@esbuild/netbsd-arm64@0.25.9", "", { "os": "none", "cpu": "arm64" }, "sha512-9jNJl6FqaUG+COdQMjSCGW4QiMHH88xWbvZ+kRVblZsWrkXlABuGdFJ1E9L7HK+T0Yqd4akKNa/lO0+jDxQD4Q=="],

    "@esbuild/netbsd-x64": ["@esbuild/netbsd-x64@0.25.9", "", { "os": "none", "cpu": "x64" }, "sha512-RLLdkflmqRG8KanPGOU7Rpg829ZHu8nFy5Pqdi9U01VYtG9Y0zOG6Vr2z4/S+/3zIyOxiK6cCeYNWOFR9QP87g=="],

    "@esbuild/openbsd-arm64": ["@esbuild/openbsd-arm64@0.25.9", "", { "os": "openbsd", "cpu": "arm64" }, "sha512-YaFBlPGeDasft5IIM+CQAhJAqS3St3nJzDEgsgFixcfZeyGPCd6eJBWzke5piZuZ7CtL656eOSYKk4Ls2C0FRQ=="],

    "@esbuild/openbsd-x64": ["@esbuild/openbsd-x64@0.25.9", "", { "os": "openbsd", "cpu": "x64" }, "sha512-1MkgTCuvMGWuqVtAvkpkXFmtL8XhWy+j4jaSO2wxfJtilVCi0ZE37b8uOdMItIHz4I6z1bWWtEX4CJwcKYLcuA=="],

    "@esbuild/openharmony-arm64": ["@esbuild/openharmony-arm64@0.25.9", "", { "os": "none", "cpu": "arm64" }, "sha512-4Xd0xNiMVXKh6Fa7HEJQbrpP3m3DDn43jKxMjxLLRjWnRsfxjORYJlXPO4JNcXtOyfajXorRKY9NkOpTHptErg=="],

    "@esbuild/sunos-x64": ["@esbuild/sunos-x64@0.25.9", "", { "os": "sunos", "cpu": "x64" }, "sha512-WjH4s6hzo00nNezhp3wFIAfmGZ8U7KtrJNlFMRKxiI9mxEK1scOMAaa9i4crUtu+tBr+0IN6JCuAcSBJZfnphw=="],

    "@esbuild/win32-arm64": ["@esbuild/win32-arm64@0.25.9", "", { "os": "win32", "cpu": "arm64" }, "sha512-mGFrVJHmZiRqmP8xFOc6b84/7xa5y5YvR1x8djzXpJBSv/UsNK6aqec+6JDjConTgvvQefdGhFDAs2DLAds6gQ=="],

    "@esbuild/win32-ia32": ["@esbuild/win32-ia32@0.25.9", "", { "os": "win32", "cpu": "ia32" }, "sha512-b33gLVU2k11nVx1OhX3C8QQP6UHQK4ZtN56oFWvVXvz2VkDoe6fbG8TOgHFxEvqeqohmRnIHe5A1+HADk4OQww=="],

    "@esbuild/win32-x64": ["@esbuild/win32-x64@0.25.9", "", { "os": "win32", "cpu": "x64" }, "sha512-PPOl1mi6lpLNQxnGoyAfschAodRFYXJ+9fs6WHXz7CSWKbOqiMZsubC+BQsVKuul+3vKLuwTHsS2c2y9EoKwxQ=="],

    "@girs/accountsservice-1.0": ["@girs/accountsservice-1.0@1.0.0-4.0.0-beta.34", "", { "dependencies": { "@girs/gio-2.0": "^2.84.4-4.0.0-beta.34", "@girs/gjs": "^4.0.0-beta.34", "@girs/glib-2.0": "^2.84.4-4.0.0-beta.34", "@girs/gmodule-2.0": "^2.0.0-4.0.0-beta.34", "@girs/gobject-2.0": "^2.84.4-4.0.0-beta.34" } }, "sha512-OQYY7APyOZrAgZIBl5UuMkm9/nYTceJLFL3le71eA7TudEDin3gENdHXm6pozuiwknBV8R2VS3kfs5iygCEx2w=="],

    "@girs/adw-1": ["@girs/adw-1@1.8.0-4.0.0-beta.36", "", { "dependencies": { "@girs/cairo-1.0": "1.0.0-4.0.0-beta.36", "@girs/freetype2-2.0": "2.0.0-4.0.0-beta.36", "@girs/gdk-4.0": "4.0.0-4.0.0-beta.36", "@girs/gdkpixbuf-2.0": "2.0.0-4.0.0-beta.36", "@girs/gio-2.0": "2.84.4-4.0.0-beta.36", "@girs/gjs": "4.0.0-beta.36", "@girs/glib-2.0": "2.84.4-4.0.0-beta.36", "@girs/gmodule-2.0": "2.0.0-4.0.0-beta.36", "@girs/gobject-2.0": "2.84.4-4.0.0-beta.36", "@girs/graphene-1.0": "1.0.0-4.0.0-beta.36", "@girs/gsk-4.0": "4.0.0-4.0.0-beta.36", "@girs/gtk-4.0": "4.19.1-4.0.0-beta.36", "@girs/harfbuzz-0.0": "10.4.0-4.0.0-beta.36", "@girs/pango-1.0": "1.56.4-4.0.0-beta.36", "@girs/pangocairo-1.0": "1.0.0-4.0.0-beta.36" } }, "sha512-B0W6vcViL8jR7ql8dg52H7/pH9PS9EhMHCrhcI/ajtFnF7koHSy0XBmKlyYTkfsdkGaSouhGtbzzs2bc9nCf0g=="],

    "@girs/atk-1.0": ["@girs/atk-1.0@2.56.3-4.0.0-beta.36", "", { "dependencies": { "@girs/gjs": "4.0.0-beta.36", "@girs/glib-2.0": "2.84.4-4.0.0-beta.36", "@girs/gobject-2.0": "2.84.4-4.0.0-beta.36" } }, "sha512-hrcMLdj4tZkEc6aTUQk0/UiSe990lYV4+6q0RT5inkTs9PBnXOXw/tmxwinOYI1In0LV9eH4UgEV98821pnHVQ=="],

    "@girs/cairo-1.0": ["@girs/cairo-1.0@1.0.0-4.0.0-beta.36", "", { "dependencies": { "@girs/gjs": "4.0.0-beta.36", "@girs/glib-2.0": "2.84.4-4.0.0-beta.36", "@girs/gobject-2.0": "2.84.4-4.0.0-beta.36" } }, "sha512-O2IeEZoTzPuSLPvA9XLy61yOw93dglms4NdK15F50xlkLxHWJ1Az38MY/iZvnm067aCU6FbETElgj678bEYKqw=="],

    "@girs/clutter-16": ["@girs/clutter-16@16.0.0-4.0.0-beta.36", "", { "dependencies": { "@girs/atk-1.0": "2.56.3-4.0.0-beta.36", "@girs/cairo-1.0": "1.0.0-4.0.0-beta.36", "@girs/cogl-16": "16.0.0-4.0.0-beta.36", "@girs/freetype2-2.0": "2.0.0-4.0.0-beta.36", "@girs/gio-2.0": "2.84.4-4.0.0-beta.36", "@girs/gjs": "4.0.0-beta.36", "@girs/gl-1.0": "1.0.0-4.0.0-beta.36", "@girs/glib-2.0": "2.84.4-4.0.0-beta.36", "@girs/gmodule-2.0": "2.0.0-4.0.0-beta.36", "@girs/gobject-2.0": "2.84.4-4.0.0-beta.36", "@girs/graphene-1.0": "1.0.0-4.0.0-beta.36", "@girs/harfbuzz-0.0": "10.4.0-4.0.0-beta.36", "@girs/mtk-16": "16.0.0-4.0.0-beta.36", "@girs/pango-1.0": "1.56.4-4.0.0-beta.36", "@girs/xlib-2.0": "2.0.0-4.0.0-beta.36" } }, "sha512-uJKt0m3zonjQEcEMd0WFh+M8iHFH8rLPc9iFHYnU/7nzy3L4qN1SqWKKbWrbzN0/rCW3c8uGBZ1PqOvYSc0I6w=="],

    "@girs/cogl-16": ["@girs/cogl-16@16.0.0-4.0.0-beta.36", "", { "dependencies": { "@girs/gjs": "4.0.0-beta.36", "@girs/gl-1.0": "1.0.0-4.0.0-beta.36", "@girs/glib-2.0": "2.84.4-4.0.0-beta.36", "@girs/gobject-2.0": "2.84.4-4.0.0-beta.36", "@girs/graphene-1.0": "1.0.0-4.0.0-beta.36", "@girs/mtk-16": "16.0.0-4.0.0-beta.36", "@girs/xlib-2.0": "2.0.0-4.0.0-beta.36" } }, "sha512-pPUWWm6SDfL+TFjJ/Aj5ryO+v9mJYafbKkbxizRL9KEjZI+l0fPSfi/5tjBMtbuE6obeq60yTWJGXyaPv/lzaA=="],

    "@girs/cogl-2.0": ["@girs/cogl-2.0@2.0.0-4.0.0-beta.36", "", { "dependencies": { "@girs/gjs": "4.0.0-beta.36", "@girs/gl-1.0": "1.0.0-4.0.0-beta.36", "@girs/glib-2.0": "2.84.4-4.0.0-beta.36", "@girs/gobject-2.0": "2.84.4-4.0.0-beta.36" } }, "sha512-2WkI2KaOuZKhaOIlbJkFXi87RKu0A6TLy2LRjwB939xoTzfx9tq0LvpJgjkt46mg4j4j43YXstgKZRxUj6X3wQ=="],

    "@girs/freetype2-2.0": ["@girs/freetype2-2.0@2.0.0-4.0.0-beta.36", "", { "dependencies": { "@girs/gjs": "4.0.0-beta.36", "@girs/gobject-2.0": "2.84.4-4.0.0-beta.36" } }, "sha512-8GadOmOl7tD5F9CAvG8G6CAfqc4mVj9rH+AG6KAtZyYSqCNHaEvdRQTA+dKs/2/CCvPP0E7JSPMJx24fISfoqQ=="],

    "@girs/gck-2": ["@girs/gck-2@4.4.0-4.0.0-beta.36", "", { "dependencies": { "@girs/gio-2.0": "2.84.4-4.0.0-beta.36", "@girs/gjs": "4.0.0-beta.36", "@girs/glib-2.0": "2.84.4-4.0.0-beta.36", "@girs/gmodule-2.0": "2.0.0-4.0.0-beta.36", "@girs/gobject-2.0": "2.84.4-4.0.0-beta.36" } }, "sha512-DZZN8VTogB0WV8ONtcpZ4MGESCHJnVxMRxue/QLW/jhLxbWsXj3cmo96eUOKegf/nmCiUwvvZsZzC6lvp+h5IA=="],

    "@girs/gcr-4": ["@girs/gcr-4@4.4.0-4.0.0-beta.36", "", { "dependencies": { "@girs/gck-2": "4.4.0-4.0.0-beta.36", "@girs/gio-2.0": "2.84.4-4.0.0-beta.36", "@girs/gjs": "4.0.0-beta.36", "@girs/glib-2.0": "2.84.4-4.0.0-beta.36", "@girs/gmodule-2.0": "2.0.0-4.0.0-beta.36", "@girs/gobject-2.0": "2.84.4-4.0.0-beta.36" } }, "sha512-rmAGBjLWQoCe9cxxLf9nRGGgv8tNiMhE+tGGiFefRc//C+1QKppSr3I+07TCBRDFGdFtlZmajLoTeDqNMTdJhw=="],

    "@girs/gdesktopenums-3.0": ["@girs/gdesktopenums-3.0@3.0.0-4.0.0-beta.36", "", { "dependencies": { "@girs/gjs": "4.0.0-beta.36", "@girs/gobject-2.0": "2.84.4-4.0.0-beta.36" } }, "sha512-tJd+DjBszeVuDTfu9XXM6N+nMOs8B6J8noAO5nDRNDcidxDVcuDW+W6bTF0b9EnzMVPZwcccIxQ/qTlBTbRPrw=="],

    "@girs/gdk-4.0": ["@girs/gdk-4.0@4.0.0-4.0.0-beta.36", "", { "dependencies": { "@girs/cairo-1.0": "1.0.0-4.0.0-beta.36", "@girs/freetype2-2.0": "2.0.0-4.0.0-beta.36", "@girs/gdkpixbuf-2.0": "2.0.0-4.0.0-beta.36", "@girs/gio-2.0": "2.84.4-4.0.0-beta.36", "@girs/gjs": "4.0.0-beta.36", "@girs/glib-2.0": "2.84.4-4.0.0-beta.36", "@girs/gmodule-2.0": "2.0.0-4.0.0-beta.36", "@girs/gobject-2.0": "2.84.4-4.0.0-beta.36", "@girs/harfbuzz-0.0": "10.4.0-4.0.0-beta.36", "@girs/pango-1.0": "1.56.4-4.0.0-beta.36", "@girs/pangocairo-1.0": "1.0.0-4.0.0-beta.36" } }, "sha512-oCn+Gu1PVnMym5XTpZgLvtyOK5h9jB4brqawkwK1pXO4yGJqg/BlLmHB3JJlLmivZ3Le0wY5RsY+0oEJQ6o+QA=="],

    "@girs/gdkpixbuf-2.0": ["@girs/gdkpixbuf-2.0@2.0.0-4.0.0-beta.36", "", { "dependencies": { "@girs/gio-2.0": "2.84.4-4.0.0-beta.36", "@girs/gjs": "4.0.0-beta.36", "@girs/glib-2.0": "2.84.4-4.0.0-beta.36", "@girs/gmodule-2.0": "2.0.0-4.0.0-beta.36", "@girs/gobject-2.0": "2.84.4-4.0.0-beta.36" } }, "sha512-9SjX+qNZwdAGXSHDvFCgZkdGO6KJ7l6qBXE2OUb2jBfOkZ2lqCYrtU2krS9SKSf0fES1sLqMU3M7tPq9mtxAEw=="],

    "@girs/gdm-1.0": ["@girs/gdm-1.0@1.0.0-4.0.0-beta.36", "", { "dependencies": { "@girs/gio-2.0": "2.84.4-4.0.0-beta.36", "@girs/gjs": "4.0.0-beta.36", "@girs/glib-2.0": "2.84.4-4.0.0-beta.36", "@girs/gmodule-2.0": "2.0.0-4.0.0-beta.36", "@girs/gobject-2.0": "2.84.4-4.0.0-beta.36" } }, "sha512-UOCEpgtbCjqEAwqeBhydPpFrS8DrKLnld44RDWMzxVRsOIpKs1q3izICEcK0MCzJ4611CsHaE75LX8PE3i5pYg=="],

    "@girs/gio-2.0": ["@girs/gio-2.0@2.84.4-4.0.0-beta.36", "", { "dependencies": { "@girs/gjs": "4.0.0-beta.36", "@girs/glib-2.0": "2.84.4-4.0.0-beta.36", "@girs/gmodule-2.0": "2.0.0-4.0.0-beta.36", "@girs/gobject-2.0": "2.84.4-4.0.0-beta.36" } }, "sha512-/3pbUqTEgZjLa/QNAqyxTc9Nil0dP0cAHRgbHxUSUNOdnBKgOQhGm3QK6Nmg4SOYMDD0dtTbiAIuIDkT5mgixw=="],

    "@girs/gjs": ["@girs/gjs@4.0.0-beta.36", "", { "dependencies": { "@girs/cairo-1.0": "1.0.0-4.0.0-beta.36", "@girs/gio-2.0": "2.84.4-4.0.0-beta.36", "@girs/glib-2.0": "2.84.4-4.0.0-beta.36", "@girs/gobject-2.0": "2.84.4-4.0.0-beta.36" } }, "sha512-+atqUVQ0CdaMnggdw4D/+77VMXr64eI32mBoc1hLuN/GrSGxl3aAJJQ1NUQyP4fFPgxx0nCWQ2XVI6B9Poe0QQ=="],

    "@girs/gl-1.0": ["@girs/gl-1.0@1.0.0-4.0.0-beta.36", "", { "dependencies": { "@girs/gjs": "4.0.0-beta.36", "@girs/gobject-2.0": "2.84.4-4.0.0-beta.36" } }, "sha512-QXtcM/GcEY91k36pDfydKHHGP7eyWhdrsf8k74qjBZHarVDqB85ns9b9QUud46Mpo2fa4EmeXRKC+W384aFd/g=="],

    "@girs/glib-2.0": ["@girs/glib-2.0@2.84.4-4.0.0-beta.36", "", { "dependencies": { "@girs/gjs": "4.0.0-beta.36", "@girs/gobject-2.0": "2.84.4-4.0.0-beta.36" } }, "sha512-LtKPerRw0UoXTFcRjhzXwjytPHqndPisFytEoC4vS5vuEirUIbYT7zTUSwp9VjUASmtQy0sUgqwzyPH/IYMINQ=="],

    "@girs/gmodule-2.0": ["@girs/gmodule-2.0@2.0.0-4.0.0-beta.36", "", { "dependencies": { "@girs/gjs": "4.0.0-beta.36", "@girs/glib-2.0": "2.84.4-4.0.0-beta.36", "@girs/gobject-2.0": "2.84.4-4.0.0-beta.36" } }, "sha512-1vMjq1WuUG1dh73pB9zm60yfNI+xFZ5trFaC9yMV8Adla6XmCMx+XzPFmFUdBGHrZUpjFNbwl6J4g3U046SRCg=="],

    "@girs/gnome-shell": ["@girs/gnome-shell@48.0.4", "", { "dependencies": { "@girs/accountsservice-1.0": "1.0.0-4.0.0-beta.34", "@girs/adw-1": "^1.8.0-4.0.0-beta.34", "@girs/atk-1.0": "^2.56.3-4.0.0-beta.34", "@girs/clutter-16": "^16.0.0-4.0.0-beta.34", "@girs/cogl-2.0": "^2.0.0-4.0.0-beta.34", "@girs/gcr-4": "^4.4.0-4.0.0-beta.34", "@girs/gdm-1.0": "^1.0.0-4.0.0-beta.34", "@girs/gio-2.0": "^2.84.4-4.0.0-beta.34", "@girs/gjs": "^4.0.0-beta.34", "@girs/glib-2.0": "^2.84.4-4.0.0-beta.34", "@girs/gnomebg-4.0": "^4.0.0-4.0.0-beta.34", "@girs/gnomebluetooth-3.0": "^3.0.0-4.0.0-beta.34", "@girs/gnomedesktop-4.0": "^4.0.0-4.0.0-beta.34", "@girs/gobject-2.0": "^2.84.4-4.0.0-beta.34", "@girs/gtk-4.0": "^4.19.1-4.0.0-beta.34", "@girs/gvc-1.0": "^1.0.0-4.0.0-beta.34", "@girs/meta-16": "^16.0.0-4.0.0-beta.34", "@girs/mtk-16": "^16.0.0-4.0.0-beta.34", "@girs/polkit-1.0": "^1.0.0-4.0.0-beta.34", "@girs/shell-16": "^16.0.0-4.0.0-beta.34", "@girs/shew-0": "^0.0.0-4.0.0-beta.34", "@girs/st-16": "^16.0.0-4.0.0-beta.34", "@girs/upowerglib-1.0": "^0.99.1-4.0.0-beta.34" } }, "sha512-pzwAb+EGppirrLjeg/1I3lGoKse39W4v1x2l+R2ZmdkPPJ2O0JjL+Enwgo/swkVMFCCWzvImUKcLtepEQbUyCA=="],

    "@girs/gnomebg-4.0": ["@girs/gnomebg-4.0@4.0.0-4.0.0-beta.36", "", { "dependencies": { "@girs/cairo-1.0": "1.0.0-4.0.0-beta.36", "@girs/freetype2-2.0": "2.0.0-4.0.0-beta.36", "@girs/gdesktopenums-3.0": "3.0.0-4.0.0-beta.36", "@girs/gdk-4.0": "4.0.0-4.0.0-beta.36", "@girs/gdkpixbuf-2.0": "2.0.0-4.0.0-beta.36", "@girs/gio-2.0": "2.84.4-4.0.0-beta.36", "@girs/gjs": "4.0.0-beta.36", "@girs/glib-2.0": "2.84.4-4.0.0-beta.36", "@girs/gmodule-2.0": "2.0.0-4.0.0-beta.36", "@girs/gnomedesktop-4.0": "4.0.0-4.0.0-beta.36", "@girs/gobject-2.0": "2.84.4-4.0.0-beta.36", "@girs/harfbuzz-0.0": "10.4.0-4.0.0-beta.36", "@girs/pango-1.0": "1.56.4-4.0.0-beta.36", "@girs/pangocairo-1.0": "1.0.0-4.0.0-beta.36" } }, "sha512-zQD5qlh5m/C+ibe32k2g/4WhP5ZengTXLI4f4kJkq/o2OBjWStiO9CXenUrvl/D7K+sNrRe6ahZpoDsJMdi2Sg=="],

    "@girs/gnomebluetooth-3.0": ["@girs/gnomebluetooth-3.0@3.0.0-4.0.0-beta.36", "", { "dependencies": { "@girs/gio-2.0": "2.84.4-4.0.0-beta.36", "@girs/gjs": "4.0.0-beta.36", "@girs/glib-2.0": "2.84.4-4.0.0-beta.36", "@girs/gmodule-2.0": "2.0.0-4.0.0-beta.36", "@girs/gobject-2.0": "2.84.4-4.0.0-beta.36" } }, "sha512-cNKGTp2vfrkIiiTV2FOBIIE91sSZFtVuLWzSLaMCb1JKL8G6FlqeSDLhgLrwvH709ZQD0k79tiQnYxVYHotRjQ=="],

    "@girs/gnomedesktop-4.0": ["@girs/gnomedesktop-4.0@4.0.0-4.0.0-beta.36", "", { "dependencies": { "@girs/gdesktopenums-3.0": "3.0.0-4.0.0-beta.36", "@girs/gdkpixbuf-2.0": "2.0.0-4.0.0-beta.36", "@girs/gio-2.0": "2.84.4-4.0.0-beta.36", "@girs/gjs": "4.0.0-beta.36", "@girs/glib-2.0": "2.84.4-4.0.0-beta.36", "@girs/gmodule-2.0": "2.0.0-4.0.0-beta.36", "@girs/gobject-2.0": "2.84.4-4.0.0-beta.36" } }, "sha512-nLP86/2bNZaXn7gQcUZRD1NW42inm8DT/ojJE19K+ezS6f5tz6/eJlOma+WtXCK3/irEYpJMgF2R50eKnC4emA=="],

    "@girs/gobject-2.0": ["@girs/gobject-2.0@2.84.4-4.0.0-beta.36", "", { "dependencies": { "@girs/gjs": "4.0.0-beta.36", "@girs/glib-2.0": "2.84.4-4.0.0-beta.36" } }, "sha512-FBnt0tOs+y7QhUxST7Yg8RjVQ+PHXy1AmUZ6b3ZAtGwhSwRe/52JixsmfUsy0LIZSNaBLeMIQlISLOWKvcrHvw=="],

    "@girs/graphene-1.0": ["@girs/graphene-1.0@1.0.0-4.0.0-beta.36", "", { "dependencies": { "@girs/gjs": "4.0.0-beta.36", "@girs/glib-2.0": "2.84.4-4.0.0-beta.36", "@girs/gobject-2.0": "2.84.4-4.0.0-beta.36" } }, "sha512-QohmEYdsS434/e7RGDizef1gvvwzxFPrz5W06njWi44GS0I1cNqls8o/4H5D4MyzqA4xwHK2zaJZGcwvJ4yHhw=="],

    "@girs/gsk-4.0": ["@girs/gsk-4.0@4.0.0-4.0.0-beta.36", "", { "dependencies": { "@girs/cairo-1.0": "1.0.0-4.0.0-beta.36", "@girs/freetype2-2.0": "2.0.0-4.0.0-beta.36", "@girs/gdk-4.0": "4.0.0-4.0.0-beta.36", "@girs/gdkpixbuf-2.0": "2.0.0-4.0.0-beta.36", "@girs/gio-2.0": "2.84.4-4.0.0-beta.36", "@girs/gjs": "4.0.0-beta.36", "@girs/glib-2.0": "2.84.4-4.0.0-beta.36", "@girs/gmodule-2.0": "2.0.0-4.0.0-beta.36", "@girs/gobject-2.0": "2.84.4-4.0.0-beta.36", "@girs/graphene-1.0": "1.0.0-4.0.0-beta.36", "@girs/harfbuzz-0.0": "10.4.0-4.0.0-beta.36", "@girs/pango-1.0": "1.56.4-4.0.0-beta.36", "@girs/pangocairo-1.0": "1.0.0-4.0.0-beta.36" } }, "sha512-xgQYqfkWW7TN7zh6uXYcMJGdJTMJYWtAVwzgAPx6eCS6miGl7c+bnaOVp9KyxFJRASveb4yS8sZM0XVYqlz6DA=="],

    "@girs/gtk-4.0": ["@girs/gtk-4.0@4.19.1-4.0.0-beta.36", "", { "dependencies": { "@girs/cairo-1.0": "1.0.0-4.0.0-beta.36", "@girs/freetype2-2.0": "2.0.0-4.0.0-beta.36", "@girs/gdk-4.0": "4.0.0-4.0.0-beta.36", "@girs/gdkpixbuf-2.0": "2.0.0-4.0.0-beta.36", "@girs/gio-2.0": "2.84.4-4.0.0-beta.36", "@girs/gjs": "4.0.0-beta.36", "@girs/glib-2.0": "2.84.4-4.0.0-beta.36", "@girs/gmodule-2.0": "2.0.0-4.0.0-beta.36", "@girs/gobject-2.0": "2.84.4-4.0.0-beta.36", "@girs/graphene-1.0": "1.0.0-4.0.0-beta.36", "@girs/gsk-4.0": "4.0.0-4.0.0-beta.36", "@girs/harfbuzz-0.0": "10.4.0-4.0.0-beta.36", "@girs/pango-1.0": "1.56.4-4.0.0-beta.36", "@girs/pangocairo-1.0": "1.0.0-4.0.0-beta.36" } }, "sha512-9mPC8u7JZh3SzI0VMIVtS+v/j0n8tNIdcwCvbAeugXgNWzFA1//B7X8ypsFodAeRZe6gL1mXePUeH9S05yphAQ=="],

    "@girs/gvc-1.0": ["@girs/gvc-1.0@1.0.0-4.0.0-beta.36", "", { "dependencies": { "@girs/gio-2.0": "2.84.4-4.0.0-beta.36", "@girs/gjs": "4.0.0-beta.36", "@girs/glib-2.0": "2.84.4-4.0.0-beta.36", "@girs/gmodule-2.0": "2.0.0-4.0.0-beta.36", "@girs/gobject-2.0": "2.84.4-4.0.0-beta.36" } }, "sha512-WKzTlSQJIL813ssjy0mOs/HpkZnU9lcWtCsO99sblGK+NBUPMQ+V5BkPd1XjTiOimWSAAbAeSjTIFD5dBNcTFQ=="],

    "@girs/harfbuzz-0.0": ["@girs/harfbuzz-0.0@10.4.0-4.0.0-beta.36", "", { "dependencies": { "@girs/freetype2-2.0": "2.0.0-4.0.0-beta.36", "@girs/gjs": "4.0.0-beta.36", "@girs/glib-2.0": "2.84.4-4.0.0-beta.36", "@girs/gobject-2.0": "2.84.4-4.0.0-beta.36" } }, "sha512-7hk87X5OXsl7i2vJeczhjizlvkf5I9Prj2m9q6m7fwOqriSt1oPl7gOP1LnYrRUUeDJaeibVcUwerAWDHb8Tuw=="],

    "@girs/meta-16": ["@girs/meta-16@16.0.0-4.0.0-beta.36", "", { "dependencies": { "@girs/atk-1.0": "2.56.3-4.0.0-beta.36", "@girs/cairo-1.0": "1.0.0-4.0.0-beta.36", "@girs/clutter-16": "16.0.0-4.0.0-beta.36", "@girs/cogl-16": "16.0.0-4.0.0-beta.36", "@girs/freetype2-2.0": "2.0.0-4.0.0-beta.36", "@girs/gdesktopenums-3.0": "3.0.0-4.0.0-beta.36", "@girs/gio-2.0": "2.84.4-4.0.0-beta.36", "@girs/gjs": "4.0.0-beta.36", "@girs/gl-1.0": "1.0.0-4.0.0-beta.36", "@girs/glib-2.0": "2.84.4-4.0.0-beta.36", "@girs/gmodule-2.0": "2.0.0-4.0.0-beta.36", "@girs/gobject-2.0": "2.84.4-4.0.0-beta.36", "@girs/graphene-1.0": "1.0.0-4.0.0-beta.36", "@girs/harfbuzz-0.0": "10.4.0-4.0.0-beta.36", "@girs/mtk-16": "16.0.0-4.0.0-beta.36", "@girs/pango-1.0": "1.56.4-4.0.0-beta.36", "@girs/xfixes-4.0": "4.0.0-4.0.0-beta.36", "@girs/xlib-2.0": "2.0.0-4.0.0-beta.36" } }, "sha512-W4s8qZYSic3vw3wLKYuNfb5XuaPQ/UxZZuVOmoAO1o6pEirhpnjGdSZL79Oi2VJZvHST7Bhxuxl6mc7CISNRDg=="],

    "@girs/mtk-16": ["@girs/mtk-16@16.0.0-4.0.0-beta.36", "", { "dependencies": { "@girs/gjs": "4.0.0-beta.36", "@girs/glib-2.0": "2.84.4-4.0.0-beta.36", "@girs/gobject-2.0": "2.84.4-4.0.0-beta.36", "@girs/graphene-1.0": "1.0.0-4.0.0-beta.36" } }, "sha512-KI/x7M0pQLzURECmKhZGsef8dYkhRdOIQMuuprobhNv+1Cw9zn8OXPtvfSSSQOYScWoUp5fcBHUg81NAdoTGGQ=="],

    "@girs/nm-1.0": ["@girs/nm-1.0@1.49.4-4.0.0-beta.36", "", { "dependencies": { "@girs/gio-2.0": "2.84.4-4.0.0-beta.36", "@girs/gjs": "4.0.0-beta.36", "@girs/glib-2.0": "2.84.4-4.0.0-beta.36", "@girs/gmodule-2.0": "2.0.0-4.0.0-beta.36", "@girs/gobject-2.0": "2.84.4-4.0.0-beta.36" } }, "sha512-wZYZ5q92aEw3ILP3JK67mtsZGyHtQC292zezguV+892az2620EEmuXU+jFgPN7VQS639aHnCojs18sK48rCY5Q=="],

    "@girs/pango-1.0": ["@girs/pango-1.0@1.56.4-4.0.0-beta.36", "", { "dependencies": { "@girs/cairo-1.0": "1.0.0-4.0.0-beta.36", "@girs/freetype2-2.0": "2.0.0-4.0.0-beta.36", "@girs/gio-2.0": "2.84.4-4.0.0-beta.36", "@girs/gjs": "4.0.0-beta.36", "@girs/glib-2.0": "2.84.4-4.0.0-beta.36", "@girs/gmodule-2.0": "2.0.0-4.0.0-beta.36", "@girs/gobject-2.0": "2.84.4-4.0.0-beta.36", "@girs/harfbuzz-0.0": "10.4.0-4.0.0-beta.36" } }, "sha512-mE807ErigekJpMn9q5ax49meVH4r+YR9RdU/vGOv6bFOfPYTLEuwWIVT+KhKGwQwzztMvuzgOQ7hGNGcnSGw4g=="],

    "@girs/pangocairo-1.0": ["@girs/pangocairo-1.0@1.0.0-4.0.0-beta.36", "", { "dependencies": { "@girs/cairo-1.0": "1.0.0-4.0.0-beta.36", "@girs/freetype2-2.0": "2.0.0-4.0.0-beta.36", "@girs/gio-2.0": "2.84.4-4.0.0-beta.36", "@girs/gjs": "4.0.0-beta.36", "@girs/glib-2.0": "2.84.4-4.0.0-beta.36", "@girs/gmodule-2.0": "2.0.0-4.0.0-beta.36", "@girs/gobject-2.0": "2.84.4-4.0.0-beta.36", "@girs/harfbuzz-0.0": "10.4.0-4.0.0-beta.36", "@girs/pango-1.0": "1.56.4-4.0.0-beta.36" } }, "sha512-1aPFLdQb7nGA/ZpXog9phqd6KakNnlU8RFfhKBWf4tx94Yw3ed7RL6jrp1SKDsA8ubxAALfXuvlsQgPP3nfXvg=="],

    "@girs/polkit-1.0": ["@girs/polkit-1.0@1.0.0-4.0.0-beta.36", "", { "dependencies": { "@girs/gio-2.0": "2.84.4-4.0.0-beta.36", "@girs/gjs": "4.0.0-beta.36", "@girs/glib-2.0": "2.84.4-4.0.0-beta.36", "@girs/gmodule-2.0": "2.0.0-4.0.0-beta.36", "@girs/gobject-2.0": "2.84.4-4.0.0-beta.36" } }, "sha512-SkhtzCyUs61UqBf/kPrWuq0PJ2n/J+PeaejehRH4MQDt352+SED8kRR5tDq8iO0UeZN9hhFXZZy+UH93oxAJhw=="],

    "@girs/polkitagent-1.0": ["@girs/polkitagent-1.0@1.0.0-4.0.0-beta.36", "", { "dependencies": { "@girs/gio-2.0": "2.84.4-4.0.0-beta.36", "@girs/gjs": "4.0.0-beta.36", "@girs/glib-2.0": "2.84.4-4.0.0-beta.36", "@girs/gmodule-2.0": "2.0.0-4.0.0-beta.36", "@girs/gobject-2.0": "2.84.4-4.0.0-beta.36", "@girs/polkit-1.0": "1.0.0-4.0.0-beta.36" } }, "sha512-CciAx6JrQsZfBR+xL2/nJQKL09JZveD10+lzKx4GFUYEwRn2ABzNGV6/5x/Ue3QckBOegPLqLdhG6x3FH3tsFg=="],

    "@girs/shell-16": ["@girs/shell-16@16.0.0-4.0.0-beta.36", "", { "dependencies": { "@girs/atk-1.0": "2.56.3-4.0.0-beta.36", "@girs/cairo-1.0": "1.0.0-4.0.0-beta.36", "@girs/clutter-16": "16.0.0-4.0.0-beta.36", "@girs/cogl-16": "16.0.0-4.0.0-beta.36", "@girs/freetype2-2.0": "2.0.0-4.0.0-beta.36", "@girs/gck-2": "4.4.0-4.0.0-beta.36", "@girs/gcr-4": "4.4.0-4.0.0-beta.36", "@girs/gdesktopenums-3.0": "3.0.0-4.0.0-beta.36", "@girs/gdkpixbuf-2.0": "2.0.0-4.0.0-beta.36", "@girs/gio-2.0": "2.84.4-4.0.0-beta.36", "@girs/gjs": "4.0.0-beta.36", "@girs/gl-1.0": "1.0.0-4.0.0-beta.36", "@girs/glib-2.0": "2.84.4-4.0.0-beta.36", "@girs/gmodule-2.0": "2.0.0-4.0.0-beta.36", "@girs/gobject-2.0": "2.84.4-4.0.0-beta.36", "@girs/graphene-1.0": "1.0.0-4.0.0-beta.36", "@girs/gvc-1.0": "1.0.0-4.0.0-beta.36", "@girs/harfbuzz-0.0": "10.4.0-4.0.0-beta.36", "@girs/meta-16": "16.0.0-4.0.0-beta.36", "@girs/mtk-16": "16.0.0-4.0.0-beta.36", "@girs/nm-1.0": "1.49.4-4.0.0-beta.36", "@girs/pango-1.0": "1.56.4-4.0.0-beta.36", "@girs/polkit-1.0": "1.0.0-4.0.0-beta.36", "@girs/polkitagent-1.0": "1.0.0-4.0.0-beta.36", "@girs/st-16": "16.0.0-4.0.0-beta.36", "@girs/xfixes-4.0": "4.0.0-4.0.0-beta.36", "@girs/xlib-2.0": "2.0.0-4.0.0-beta.36" } }, "sha512-+JmksapKbkMziZPDejgErvTzoQziKZciTmvQfPn1gpX5VI5Fh473FuDUfntylrnUUIqXkKnah3s3FMO38abwtg=="],

    "@girs/shew-0": ["@girs/shew-0@0.0.0-4.0.0-beta.36", "", { "dependencies": { "@girs/cairo-1.0": "1.0.0-4.0.0-beta.36", "@girs/freetype2-2.0": "2.0.0-4.0.0-beta.36", "@girs/gdk-4.0": "4.0.0-4.0.0-beta.36", "@girs/gdkpixbuf-2.0": "2.0.0-4.0.0-beta.36", "@girs/gio-2.0": "2.84.4-4.0.0-beta.36", "@girs/gjs": "4.0.0-beta.36", "@girs/glib-2.0": "2.84.4-4.0.0-beta.36", "@girs/gmodule-2.0": "2.0.0-4.0.0-beta.36", "@girs/gobject-2.0": "2.84.4-4.0.0-beta.36", "@girs/graphene-1.0": "1.0.0-4.0.0-beta.36", "@girs/gsk-4.0": "4.0.0-4.0.0-beta.36", "@girs/gtk-4.0": "4.19.1-4.0.0-beta.36", "@girs/harfbuzz-0.0": "10.4.0-4.0.0-beta.36", "@girs/pango-1.0": "1.56.4-4.0.0-beta.36", "@girs/pangocairo-1.0": "1.0.0-4.0.0-beta.36" } }, "sha512-5J8Re3mmrCwFr8pddx0azarnjDgAAm8bP5BUmoGvJeqSw/qF85s0enxK8PJVrpMu/WUb8nq5qCWwyc4+yO1asA=="],

    "@girs/st-16": ["@girs/st-16@16.0.0-4.0.0-beta.36", "", { "dependencies": { "@girs/atk-1.0": "2.56.3-4.0.0-beta.36", "@girs/cairo-1.0": "1.0.0-4.0.0-beta.36", "@girs/clutter-16": "16.0.0-4.0.0-beta.36", "@girs/cogl-16": "16.0.0-4.0.0-beta.36", "@girs/freetype2-2.0": "2.0.0-4.0.0-beta.36", "@girs/gdesktopenums-3.0": "3.0.0-4.0.0-beta.36", "@girs/gdkpixbuf-2.0": "2.0.0-4.0.0-beta.36", "@girs/gio-2.0": "2.84.4-4.0.0-beta.36", "@girs/gjs": "4.0.0-beta.36", "@girs/gl-1.0": "1.0.0-4.0.0-beta.36", "@girs/glib-2.0": "2.84.4-4.0.0-beta.36", "@girs/gmodule-2.0": "2.0.0-4.0.0-beta.36", "@girs/gobject-2.0": "2.84.4-4.0.0-beta.36", "@girs/graphene-1.0": "1.0.0-4.0.0-beta.36", "@girs/harfbuzz-0.0": "10.4.0-4.0.0-beta.36", "@girs/meta-16": "16.0.0-4.0.0-beta.36", "@girs/mtk-16": "16.0.0-4.0.0-beta.36", "@girs/pango-1.0": "1.56.4-4.0.0-beta.36", "@girs/xfixes-4.0": "4.0.0-4.0.0-beta.36", "@girs/xlib-2.0": "2.0.0-4.0.0-beta.36" } }, "sha512-CjdqjkavmVbUsTkADTQ0alQIa+7HIpJLZhxdExrgh7I2ORzUWhnLCql60VdU8qTI0aHHhs0BX/JQh1e4rkIJ/g=="],

    "@girs/upowerglib-1.0": ["@girs/upowerglib-1.0@0.99.1-4.0.0-beta.36", "", { "dependencies": { "@girs/gio-2.0": "2.84.4-4.0.0-beta.36", "@girs/gjs": "4.0.0-beta.36", "@girs/glib-2.0": "2.84.4-4.0.0-beta.36", "@girs/gmodule-2.0": "2.0.0-4.0.0-beta.36", "@girs/gobject-2.0": "2.84.4-4.0.0-beta.36" } }, "sha512-HBkF9Ad3DjhDQu+wFwPjy/9RfbhS40nKJWa6u+hg8mpvm9L7kT0NoxSqeznuDiY+94mY3d5xkAA6ifBXCqXUZQ=="],

    "@girs/xfixes-4.0": ["@girs/xfixes-4.0@4.0.0-4.0.0-beta.36", "", { "dependencies": { "@girs/gjs": "4.0.0-beta.36", "@girs/gobject-2.0": "2.84.4-4.0.0-beta.36" } }, "sha512-a0NXF+/Y4c8GCaeqz2DeICueCTEnNFJ613vAacUJkNZclfxP5MzCFZIa4SEbVo9UzaIs96OTBYSJWzsH8cdkzQ=="],

    "@girs/xlib-2.0": ["@girs/xlib-2.0@2.0.0-4.0.0-beta.36", "", { "dependencies": { "@girs/gjs": "4.0.0-beta.36", "@girs/gobject-2.0": "2.84.4-4.0.0-beta.36" } }, "sha512-uUfRTkUCDX48K/XZPshTGcsg8cMdCC5hRAPHI0pNGxUZZs0P8GbhtxDX6iheU8M8a3Cbqx2ivzsAZthUDpIj/A=="],

    "esbuild": ["esbuild@0.25.9", "", { "optionalDependencies": { "@esbuild/aix-ppc64": "0.25.9", "@esbuild/android-arm": "0.25.9", "@esbuild/android-arm64": "0.25.9", "@esbuild/android-x64": "0.25.9", "@esbuild/darwin-arm64": "0.25.9", "@esbuild/darwin-x64": "0.25.9", "@esbuild/freebsd-arm64": "0.25.9", "@esbuild/freebsd-x64": "0.25.9", "@esbuild/linux-arm": "0.25.9", "@esbuild/linux-arm64": "0.25.9", "@esbuild/linux-ia32": "0.25.9", "@esbuild/linux-loong64": "0.25.9", "@esbuild/linux-mips64el": "0.25.9", "@esbuild/linux-ppc64": "0.25.9", "@esbuild/linux-riscv64": "0.25.9", "@esbuild/linux-s390x": "0.25.9", "@esbuild/linux-x64": "0.25.9", "@esbuild/netbsd-arm64": "0.25.9", "@esbuild/netbsd-x64": "0.25.9", "@esbuild/openbsd-arm64": "0.25.9", "@esbuild/openbsd-x64": "0.25.9", "@esbuild/openharmony-arm64": "0.25.9", "@esbuild/sunos-x64": "0.25.9", "@esbuild/win32-arm64": "0.25.9", "@esbuild/win32-ia32": "0.25.9", "@esbuild/win32-x64": "0.25.9" }, "bin": { "esbuild": "bin/esbuild" } }, "sha512-CRbODhYyQx3qp7ZEwzxOk4JBqmD/seJrzPa/cGjY1VtIn5E09Oi9/dB4JwctnfZ8Q8iT7rioVv5k/FNT/uf54g=="],

    "esbuild-plugin-tsc": ["esbuild-plugin-tsc@0.5.0", "", { "dependencies": { "strip-comments": "^2.0.1" }, "peerDependencies": { "typescript": "^4.0.0 || ^5.0.0" } }, "sha512-t9j90NnMhAGWzS0SKX3zNa/XeWcUanqKaFe36CSmXiB2nYFdaSzKY9pBZTvGV7NGImxE1BktOOlVpQyYnUTVGg=="],

    "strip-comments": ["strip-comments@2.0.1", "", {}, "sha512-ZprKx+bBLXv067WTCALv8SSz5l2+XhpYCsVtSqlMnkAXMWDq+/ekVbl1ghqP9rUHTzv6sm/DwCOiYutU/yp1fw=="],

    "typescript": ["typescript@5.9.2", "", { "bin": { "tsc": "bin/tsc", "tsserver": "bin/tsserver" } }, "sha512-CWBzXQrc/qOkhidw1OzBTQuYRbfyxDXJMVJ1XNwUHGROVmuaeiEm3OslpZ1RV96d7SKKjZKrSJu3+t/xlw3R9A=="],
  }
}
